Microsoft Visual Studio Solution File, Format Version 12.00
# Visual Studio Version 17
VisualStudioVersion = 17.5.002.0
MinimumVisualStudioVersion = 10.0.40219.1
Project("{FAE04EC0-301F-11D3-BF4B-00C04F79EFBC}") = "libpjsua2.maui.android", "libpjsua2.maui.android\libpjsua2.maui.android.csproj", "{09D43FA7-1A2B-4CD3-9A96-BA35620BC004}"
EndProject
Project("{FAE04EC0-301F-11D3-BF4B-00C04F79EFBC}") = "libpjsua2.maui.ios", "libpjsua2.maui.ios\libpjsua2.maui.ios.csproj", "{F43C0448-DB4E-4E6E-9B08-33DD705D7923}"
EndProject
Project("{FAE04EC0-301F-11D3-BF4B-00C04F79EFBC}") = "libpjsua2.runtime.android", "libpjsua2.runtime.android\libpjsua2.runtime.android.csproj", "{0A3E83B7-1630-4967-8C98-5C6C2FC0E8A9}"
EndProject
Project("{FAE04EC0-301F-11D3-BF4B-00C04F79EFBC}") = "libpjsua2.runtime.ios", "libpjsua2.runtime.ios\libpjsua2.runtime.ios.csproj", "{E7ED8AB2-0540-4EC3-AAA1-921F4C8FCEE3}"
EndProject
Global
	GlobalSection(SolutionConfigurationPlatforms) = preSolution
		Debug|Any CPU = Debug|Any CPU
		Release|Any CPU = Release|Any CPU
	EndGlobalSection
	GlobalSection(ProjectConfigurationPlatforms) = postSolution
		{09D43FA7-1A2B-4CD3-9A96-BA35620BC004}.Debug|Any CPU.ActiveCfg = Debug|Any CPU
		{09D43FA7-1A2B-4CD3-9A96-BA35620BC004}.Debug|Any CPU.Build.0 = Debug|Any CPU
		{09D43FA7-1A2B-4CD3-9A96-BA35620BC004}.Release|Any CPU.ActiveCfg = Release|Any CPU
		{09D43FA7-1A2B-4CD3-9A96-BA35620BC004}.Release|Any CPU.Build.0 = Release|Any CPU
		{F43C0448-DB4E-4E6E-9B08-33DD705D7923}.Debug|Any CPU.ActiveCfg = Debug|Any CPU
		{F43C0448-DB4E-4E6E-9B08-33DD705D7923}.Debug|Any CPU.Build.0 = Debug|Any CPU
		{F43C0448-DB4E-4E6E-9B08-33DD705D7923}.Release|Any CPU.ActiveCfg = Release|Any CPU
		{F43C0448-DB4E-4E6E-9B08-33DD705D7923}.Release|Any CPU.Build.0 = Release|Any CPU
		{0A3E83B7-1630-4967-8C98-5C6C2FC0E8A9}.Debug|Any CPU.ActiveCfg = Debug|Any CPU
		{0A3E83B7-1630-4967-8C98-5C6C2FC0E8A9}.Debug|Any CPU.Build.0 = Debug|Any CPU
		{0A3E83B7-1630-4967-8C98-5C6C2FC0E8A9}.Release|Any CPU.ActiveCfg = Release|Any CPU
		{0A3E83B7-1630-4967-8C98-5C6C2FC0E8A9}.Release|Any CPU.Build.0 = Release|Any CPU
		{E7ED8AB2-0540-4EC3-AAA1-921F4C8FCEE3}.Debug|Any CPU.ActiveCfg = Debug|Any CPU
		{E7ED8AB2-0540-4EC3-AAA1-921F4C8FCEE3}.Debug|Any CPU.Build.0 = Debug|Any CPU
		{E7ED8AB2-0540-4EC3-AAA1-921F4C8FCEE3}.Release|Any CPU.ActiveCfg = Release|Any CPU
		{E7ED8AB2-0540-4EC3-AAA1-921F4C8FCEE3}.Release|Any CPU.Build.0 = Release|Any CPU
	EndGlobalSection
	GlobalSection(SolutionProperties) = preSolution
		HideSolutionNode = FALSE
	EndGlobalSection
	GlobalSection(ExtensibilityGlobals) = postSolution
		SolutionGuid = {10EDA25E-14D5-4EC8-9142-DF425C1440C6}
	EndGlobalSection
EndGlobal
