
Microsoft Visual Studio Solution File, Format Version 12.00
# Visual Studio Version 17
VisualStudioVersion = 17.5.002.0
MinimumVisualStudioVersion = 10.0.40219.1
Project("{FAE04EC0-301F-11D3-BF4B-00C04F79EFBC}") = "libpjsua2.maui.android", "libpjsua2.maui.android\pjsua2.maui.android.csproj", "{10B84792-CC52-4B67-A1FB-4F5304AFFE32}"
EndProject
Project("{FAE04EC0-301F-11D3-BF4B-00C04F79EFBC}") = "libpjsua2.maui.ios", "libpjsua2.maui.ios\pjsua2.maui.ios.csproj", "{067940AA-9BAA-4B04-8EEE-9F2E151E7B09}"
EndProject
Global
	GlobalSection(SolutionConfigurationPlatforms) = preSolution
		Debug|Any CPU = Debug|Any CPU
		Release|Any CPU = Release|Any CPU
	EndGlobalSection
	GlobalSection(ProjectConfigurationPlatforms) = postSolution
		{3D94F565-EDAF-4782-B108-0F12F31DF68A}.Debug|Any CPU.ActiveCfg = Debug|Any CPU
		{3D94F565-EDAF-4782-B108-0F12F31DF68A}.Debug|Any CPU.Build.0 = Debug|Any CPU
		{3D94F565-EDAF-4782-B108-0F12F31DF68A}.Release|Any CPU.ActiveCfg = Release|Any CPU
		{3D94F565-EDAF-4782-B108-0F12F31DF68A}.Release|Any CPU.Build.0 = Release|Any CPU
		{10B84792-CC52-4B67-A1FB-4F5304AFFE32}.Debug|Any CPU.ActiveCfg = Debug|Any CPU
		{10B84792-CC52-4B67-A1FB-4F5304AFFE32}.Debug|Any CPU.Build.0 = Debug|Any CPU
		{10B84792-CC52-4B67-A1FB-4F5304AFFE32}.Release|Any CPU.ActiveCfg = Release|Any CPU
		{10B84792-CC52-4B67-A1FB-4F5304AFFE32}.Release|Any CPU.Build.0 = Release|Any CPU
		{067940AA-9BAA-4B04-8EEE-9F2E151E7B09}.Debug|Any CPU.ActiveCfg = Debug|Any CPU
		{067940AA-9BAA-4B04-8EEE-9F2E151E7B09}.Debug|Any CPU.Build.0 = Debug|Any CPU
		{067940AA-9BAA-4B04-8EEE-9F2E151E7B09}.Release|Any CPU.ActiveCfg = Release|Any CPU
		{067940AA-9BAA-4B04-8EEE-9F2E151E7B09}.Release|Any CPU.Build.0 = Release|Any CPU
	EndGlobalSection
	GlobalSection(SolutionProperties) = preSolution
		HideSolutionNode = FALSE
	EndGlobalSection
	GlobalSection(ExtensibilityGlobals) = postSolution
		SolutionGuid = {10EDA25E-14D5-4EC8-9142-DF425C1440C6}
	EndGlobalSection
EndGlobal
